
Microsoft Visual Studio Solution File, Format Version 12.00
# Visual Studio Version 17
VisualStudioVersion = 17.0.32112.339
MinimumVisualStudioVersion = 10.0.40219.1
Project("{2150E333-8FDC-42A3-9474-1A3956D46DE8}") = "src", "src", "{EAED48B3-4A7C-4250-A7DC-A157FDCBB1DC}"
EndProject
Project("{9A19103F-16F7-4668-BE54-9A1E7A4F7556}") = "CodingChallenge.Domain", "src\CodingChallenge.Domain\CodingChallenge.Domain.csproj", "{E9EDF966-41FB-451B-A5F8-EEC6A64C742B}"
EndProject
Project("{9A19103F-16F7-4668-BE54-9A1E7A4F7556}") = "CodingChallenge.Application", "src\CodingChallenge.Application\CodingChallenge.Application.csproj", "{05F9480C-0453-454A-B575-B71E505AE2E5}"
EndProject
Project("{9A19103F-16F7-4668-BE54-9A1E7A4F7556}") = "CodingChallenge.Infrastructure", "src\CodingChallenge.Infrastructure\CodingChallenge.Infrastructure.csproj", "{CDD2A796-383A-43DA-B643-7ADB5A764636}"
EndProject
Project("{9A19103F-16F7-4668-BE54-9A1E7A4F7556}") = "CodingChallenge.Console", "src\CodingChallenge.Console\CodingChallenge.Console.csproj", "{808E10E8-F9B5-4B97-9B79-F3CC1764F10C}"
EndProject
Project("{2150E333-8FDC-42A3-9474-1A3956D46DE8}") = "tests", "tests", "{5A2249DF-3BEA-46C1-904C-7A45D6649A38}"
EndProject
Project("{9A19103F-16F7-4668-BE54-9A1E7A4F7556}") = "CodingChallenge.Application.UnitTests", "tests\CodingChallenge.Application.UnitTests\CodingChallenge.Application.UnitTests.csproj", "{E3BA8736-4DF8-44B7-8A52-ADC8699BE85F}"
EndProject
Project("{9A19103F-16F7-4668-BE54-9A1E7A4F7556}") = "CodingChallenge.Cdk", "src\CodingChallenge.Cdk\CodingChallenge.Cdk.csproj", "{3A74BD7F-323A-49C7-AE62-25964D50C054}"
EndProject
Project("{9A19103F-16F7-4668-BE54-9A1E7A4F7556}") = "CodingChallenge.EventQueueProcessor", "src\CodingChallenge.EventQueueProcessor\CodingChallenge.EventQueueProcessor.csproj", "{48DBF935-C65E-47D7-A5C2-A91EA7BAF3E3}"
EndProject
Project("{2150E333-8FDC-42A3-9474-1A3956D46DE8}") = "Solution Items", "Solution Items", "{235197C9-F40E-4E24-ACB3-656BC0DB2355}"
	ProjectSection(SolutionItems) = preProject
		.gitignore = .gitignore
		Directory.Build.props = Directory.Build.props
		Directory.Packages.props = Directory.Packages.props
		global.json = global.json
		nuget.config = nuget.config
		Overview.drawio = Overview.drawio
		README.md = README.md
	EndProjectSection
EndProject
Project("{9A19103F-16F7-4668-BE54-9A1E7A4F7556}") = "CodingChallenge.Api", "src\CodingChallenge.Api\CodingChallenge.Api.csproj", "{2EADA9F6-8B63-4023-BE79-EF40D4611EA5}"
EndProject
Project("{9A19103F-16F7-4668-BE54-9A1E7A4F7556}") = "CodingChallenge.Api.UnitTests", "tests\CodingChallenge.Api.UnitTests\CodingChallenge.Api.UnitTests.csproj", "{65630421-EDC3-4A57-8E40-6454D8124C8E}"
EndProject
Project("{9A19103F-16F7-4668-BE54-9A1E7A4F7556}") = "CodingChallenge.Infrastructure.UnitTests", "tests\CodingChallenge.Infrastructure.UnitTests\CodingChallenge.Infrastructure.UnitTests.csproj", "{CCA36897-A0AB-4F4C-95B2-331A2EE8F049}"
EndProject
Global
	GlobalSection(SolutionConfigurationPlatforms) = preSolution
		Debug|Any CPU = Debug|Any CPU
		Release|Any CPU = Release|Any CPU
	EndGlobalSection
	GlobalSection(ProjectConfigurationPlatforms) = postSolution
		{E9EDF966-41FB-451B-A5F8-EEC6A64C742B}.Debug|Any CPU.ActiveCfg = Debug|Any CPU
		{E9EDF966-41FB-451B-A5F8-EEC6A64C742B}.Debug|Any CPU.Build.0 = Debug|Any CPU
		{E9EDF966-41FB-451B-A5F8-EEC6A64C742B}.Release|Any CPU.ActiveCfg = Release|Any CPU
		{E9EDF966-41FB-451B-A5F8-EEC6A64C742B}.Release|Any CPU.Build.0 = Release|Any CPU
		{05F9480C-0453-454A-B575-B71E505AE2E5}.Debug|Any CPU.ActiveCfg = Debug|Any CPU
		{05F9480C-0453-454A-B575-B71E505AE2E5}.Debug|Any CPU.Build.0 = Debug|Any CPU
		{05F9480C-0453-454A-B575-B71E505AE2E5}.Release|Any CPU.ActiveCfg = Release|Any CPU
		{05F9480C-0453-454A-B575-B71E505AE2E5}.Release|Any CPU.Build.0 = Release|Any CPU
		{CDD2A796-383A-43DA-B643-7ADB5A764636}.Debug|Any CPU.ActiveCfg = Debug|Any CPU
		{CDD2A796-383A-43DA-B643-7ADB5A764636}.Debug|Any CPU.Build.0 = Debug|Any CPU
		{CDD2A796-383A-43DA-B643-7ADB5A764636}.Release|Any CPU.ActiveCfg = Release|Any CPU
		{CDD2A796-383A-43DA-B643-7ADB5A764636}.Release|Any CPU.Build.0 = Release|Any CPU
		{808E10E8-F9B5-4B97-9B79-F3CC1764F10C}.Debug|Any CPU.ActiveCfg = Debug|Any CPU
		{808E10E8-F9B5-4B97-9B79-F3CC1764F10C}.Debug|Any CPU.Build.0 = Debug|Any CPU
		{808E10E8-F9B5-4B97-9B79-F3CC1764F10C}.Release|Any CPU.ActiveCfg = Release|Any CPU
		{808E10E8-F9B5-4B97-9B79-F3CC1764F10C}.Release|Any CPU.Build.0 = Release|Any CPU
		{E3BA8736-4DF8-44B7-8A52-ADC8699BE85F}.Debug|Any CPU.ActiveCfg = Debug|Any CPU
		{E3BA8736-4DF8-44B7-8A52-ADC8699BE85F}.Debug|Any CPU.Build.0 = Debug|Any CPU
		{E3BA8736-4DF8-44B7-8A52-ADC8699BE85F}.Release|Any CPU.ActiveCfg = Release|Any CPU
		{E3BA8736-4DF8-44B7-8A52-ADC8699BE85F}.Release|Any CPU.Build.0 = Release|Any CPU
		{3A74BD7F-323A-49C7-AE62-25964D50C054}.Debug|Any CPU.ActiveCfg = Debug|Any CPU
		{3A74BD7F-323A-49C7-AE62-25964D50C054}.Debug|Any CPU.Build.0 = Debug|Any CPU
		{3A74BD7F-323A-49C7-AE62-25964D50C054}.Release|Any CPU.ActiveCfg = Release|Any CPU
		{3A74BD7F-323A-49C7-AE62-25964D50C054}.Release|Any CPU.Build.0 = Release|Any CPU
		{48DBF935-C65E-47D7-A5C2-A91EA7BAF3E3}.Debug|Any CPU.ActiveCfg = Debug|Any CPU
		{48DBF935-C65E-47D7-A5C2-A91EA7BAF3E3}.Debug|Any CPU.Build.0 = Debug|Any CPU
		{48DBF935-C65E-47D7-A5C2-A91EA7BAF3E3}.Release|Any CPU.ActiveCfg = Release|Any CPU
		{48DBF935-C65E-47D7-A5C2-A91EA7BAF3E3}.Release|Any CPU.Build.0 = Release|Any CPU
		{2EADA9F6-8B63-4023-BE79-EF40D4611EA5}.Debug|Any CPU.ActiveCfg = Debug|Any CPU
		{2EADA9F6-8B63-4023-BE79-EF40D4611EA5}.Debug|Any CPU.Build.0 = Debug|Any CPU
		{2EADA9F6-8B63-4023-BE79-EF40D4611EA5}.Release|Any CPU.ActiveCfg = Release|Any CPU
		{2EADA9F6-8B63-4023-BE79-EF40D4611EA5}.Release|Any CPU.Build.0 = Release|Any CPU
		{65630421-EDC3-4A57-8E40-6454D8124C8E}.Debug|Any CPU.ActiveCfg = Debug|Any CPU
		{65630421-EDC3-4A57-8E40-6454D8124C8E}.Debug|Any CPU.Build.0 = Debug|Any CPU
		{65630421-EDC3-4A57-8E40-6454D8124C8E}.Release|Any CPU.ActiveCfg = Release|Any CPU
		{65630421-EDC3-4A57-8E40-6454D8124C8E}.Release|Any CPU.Build.0 = Release|Any CPU
		{CCA36897-A0AB-4F4C-95B2-331A2EE8F049}.Debug|Any CPU.ActiveCfg = Debug|Any CPU
		{CCA36897-A0AB-4F4C-95B2-331A2EE8F049}.Debug|Any CPU.Build.0 = Debug|Any CPU
		{CCA36897-A0AB-4F4C-95B2-331A2EE8F049}.Release|Any CPU.ActiveCfg = Release|Any CPU
		{CCA36897-A0AB-4F4C-95B2-331A2EE8F049}.Release|Any CPU.Build.0 = Release|Any CPU
	EndGlobalSection
	GlobalSection(SolutionProperties) = preSolution
		HideSolutionNode = FALSE
	EndGlobalSection
	GlobalSection(NestedProjects) = preSolution
		{E9EDF966-41FB-451B-A5F8-EEC6A64C742B} = {EAED48B3-4A7C-4250-A7DC-A157FDCBB1DC}
		{05F9480C-0453-454A-B575-B71E505AE2E5} = {EAED48B3-4A7C-4250-A7DC-A157FDCBB1DC}
		{CDD2A796-383A-43DA-B643-7ADB5A764636} = {EAED48B3-4A7C-4250-A7DC-A157FDCBB1DC}
		{808E10E8-F9B5-4B97-9B79-F3CC1764F10C} = {EAED48B3-4A7C-4250-A7DC-A157FDCBB1DC}
		{E3BA8736-4DF8-44B7-8A52-ADC8699BE85F} = {5A2249DF-3BEA-46C1-904C-7A45D6649A38}
		{3A74BD7F-323A-49C7-AE62-25964D50C054} = {EAED48B3-4A7C-4250-A7DC-A157FDCBB1DC}
		{48DBF935-C65E-47D7-A5C2-A91EA7BAF3E3} = {EAED48B3-4A7C-4250-A7DC-A157FDCBB1DC}
		{2EADA9F6-8B63-4023-BE79-EF40D4611EA5} = {EAED48B3-4A7C-4250-A7DC-A157FDCBB1DC}
		{65630421-EDC3-4A57-8E40-6454D8124C8E} = {5A2249DF-3BEA-46C1-904C-7A45D6649A38}
		{CCA36897-A0AB-4F4C-95B2-331A2EE8F049} = {5A2249DF-3BEA-46C1-904C-7A45D6649A38}
	EndGlobalSection
	GlobalSection(ExtensibilityGlobals) = postSolution
		SolutionGuid = {F31D6BC2-7D3C-4B91-9AEC-B041559E862D}
	EndGlobalSection
EndGlobal
